{
    "_readme": [
        "This file locks the dependencies of your project to a known state",
        "Read more about it at https://getcomposer.org/doc/01-basic-usage.md#installing-dependencies",
        "This file is @generated automatically"
    ],
    "content-hash": "355e1dcd36dbb8b85bcb1e85ae851185",
    "packages": [
        {
            "name": "cakephp/console",
            "version": "4.2.2",
            "source": {
                "type": "git",
                "url": "https://github.com/cakephp/console.git",
                "reference": "945e22cdeea5950ef1bd61c7c71d0ff03eb4efd1"
            },
            "dist": {
                "type": "zip",
                "url": "https://api.github.com/repos/cakephp/console/zipball/945e22cdeea5950ef1bd61c7c71d0ff03eb4efd1",
                "reference": "945e22cdeea5950ef1bd61c7c71d0ff03eb4efd1",
                "shasum": ""
            },
            "require": {
                "cakephp/core": "^4.0",
                "cakephp/event": "^4.0",
                "cakephp/filesystem": "^4.0",
                "cakephp/log": "^4.0",
                "cakephp/utility": "^4.0",
                "php": ">=7.2.0"
            },
            "suggest": {
                "cakephp/datasource": "To use the Shell or Command base classes",
                "cakephp/orm": "To use the Shell or Command base classes"
            },
            "type": "library",
            "autoload": {
                "psr-4": {
                    "Cake\\Console\\": "."
                }
            },
            "notification-url": "https://packagist.org/downloads/",
            "license": [
                "MIT"
            ],
            "authors": [
                {
                    "name": "CakePHP Community",
                    "homepage": "https://github.com/cakephp/cache/graphs/contributors"
                }
            ],
            "description": "Build beautiful console applications with CakePHP",
            "homepage": "https://cakephp.org",
            "keywords": [
                "cakephp",
                "cli",
                "console",
                "framework"
            ],
            "support": {
                "forum": "https://stackoverflow.com/tags/cakephp",
                "irc": "irc://irc.freenode.org/cakephp",
                "issues": "https://github.com/cakephp/cakephp/issues",
                "source": "https://github.com/cakephp/console"
            },
            "time": "2020-12-29T02:05:46+00:00"
        },
        {
            "name": "cakephp/core",
            "version": "4.2.2",
            "source": {
                "type": "git",
                "url": "https://github.com/cakephp/core.git",
                "reference": "54d11c1356cea54623a3ec55530259d3c47153e0"
            },
            "dist": {
                "type": "zip",
                "url": "https://api.github.com/repos/cakephp/core/zipball/54d11c1356cea54623a3ec55530259d3c47153e0",
                "reference": "54d11c1356cea54623a3ec55530259d3c47153e0",
                "shasum": ""
            },
            "require": {
                "cakephp/utility": "^4.0",
                "php": ">=7.2.0"
            },
            "suggest": {
                "cakephp/cache": "To use Configure::store() and restore().",
                "cakephp/event": "To use PluginApplicationInterface or plugin applications.",
                "league/container": "To use Container and ServiceProvider classes"
            },
            "type": "library",
            "autoload": {
                "psr-4": {
                    "Cake\\Core\\": "."
                },
                "files": [
                    "functions.php"
                ]
            },
            "notification-url": "https://packagist.org/downloads/",
            "license": [
                "MIT"
            ],
            "authors": [
                {
                    "name": "CakePHP Community",
                    "homepage": "https://github.com/cakephp/core/graphs/contributors"
                }
            ],
            "description": "CakePHP Framework Core classes",
            "homepage": "https://cakephp.org",
            "keywords": [
                "cakephp",
                "core",
                "framework"
            ],
            "support": {
                "forum": "https://stackoverflow.com/tags/cakephp",
                "irc": "irc://irc.freenode.org/cakephp",
                "issues": "https://github.com/cakephp/cakephp/issues",
                "source": "https://github.com/cakephp/core"
            },
            "time": "2020-12-29T02:05:46+00:00"
        },
        {
            "name": "cakephp/event",
            "version": "4.2.2",
            "source": {
                "type": "git",
                "url": "https://github.com/cakephp/event.git",
                "reference": "5ae4038a13c3a6884e05c6399e0fc379bbee9845"
            },
            "dist": {
                "type": "zip",
                "url": "https://api.github.com/repos/cakephp/event/zipball/5ae4038a13c3a6884e05c6399e0fc379bbee9845",
                "reference": "5ae4038a13c3a6884e05c6399e0fc379bbee9845",
                "shasum": ""
            },
            "require": {
                "cakephp/core": "^4.0",
                "php": ">=7.2.0"
            },
            "type": "library",
            "autoload": {
                "psr-4": {
                    "Cake\\Event\\": "."
                }
            },
            "notification-url": "https://packagist.org/downloads/",
            "license": [
                "MIT"
            ],
            "authors": [
                {
                    "name": "CakePHP Community",
                    "homepage": "https://github.com/cakephp/event/graphs/contributors"
                }
            ],
            "description": "CakePHP event dispatcher library that helps implementing the observer pattern",
            "homepage": "https://cakephp.org",
            "keywords": [
                "cakephp",
                "dispatcher",
                "event",
                "observer pattern"
            ],
            "support": {
                "forum": "https://stackoverflow.com/tags/cakephp",
                "irc": "irc://irc.freenode.org/cakephp",
                "issues": "https://github.com/cakephp/cakephp/issues",
                "source": "https://github.com/cakephp/event"
            },
            "time": "2020-12-29T02:05:46+00:00"
        },
        {
            "name": "cakephp/filesystem",
            "version": "4.2.2",
            "source": {
                "type": "git",
                "url": "https://github.com/cakephp/filesystem.git",
                "reference": "3e09a7448e4be893dba3a6d8f28deb8e92215214"
            },
            "dist": {
                "type": "zip",
                "url": "https://api.github.com/repos/cakephp/filesystem/zipball/3e09a7448e4be893dba3a6d8f28deb8e92215214",
                "reference": "3e09a7448e4be893dba3a6d8f28deb8e92215214",
                "shasum": ""
            },
            "require": {
                "cakephp/core": "^4.0",
                "php": ">=7.2.0"
            },
            "type": "library",
            "autoload": {
                "psr-4": {
                    "Cake\\Filesystem\\": "."
                }
            },
            "notification-url": "https://packagist.org/downloads/",
            "license": [
                "MIT"
            ],
            "authors": [
                {
                    "name": "CakePHP Community",
                    "homepage": "https://github.com/cakephp/filesystem/graphs/contributors"
                }
            ],
            "description": "CakePHP filesystem convenience classes to help you work with files and folders.",
            "homepage": "https://cakephp.org",
            "keywords": [
                "cakephp",
                "files",
                "filesystem",
                "folders"
            ],
            "support": {
                "forum": "https://stackoverflow.com/tags/cakephp",
                "irc": "irc://irc.freenode.org/cakephp",
                "issues": "https://github.com/cakephp/cakephp/issues",
                "source": "https://github.com/cakephp/filesystem"
            },
            "time": "2020-12-29T02:05:46+00:00"
        },
        {
            "name": "cakephp/log",
            "version": "4.2.2",
            "source": {
                "type": "git",
                "url": "https://github.com/cakephp/log.git",
                "reference": "47fbee613a15e8a0f421912a2e641f249842e6d5"
            },
            "dist": {
                "type": "zip",
                "url": "https://api.github.com/repos/cakephp/log/zipball/47fbee613a15e8a0f421912a2e641f249842e6d5",
                "reference": "47fbee613a15e8a0f421912a2e641f249842e6d5",
                "shasum": ""
            },
            "require": {
                "cakephp/core": "^4.0",
                "php": ">=7.2.0",
                "psr/log": "^1.0.0"
            },
            "provide": {
                "psr/log-implementation": "^1.0.0"
            },
            "type": "library",
            "autoload": {
                "psr-4": {
                    "Cake\\Log\\": "."
                }
            },
            "notification-url": "https://packagist.org/downloads/",
            "license": [
                "MIT"
            ],
            "authors": [
                {
                    "name": "CakePHP Community",
                    "homepage": "https://github.com/cakephp/log/graphs/contributors"
                }
            ],
            "description": "CakePHP logging library with support for multiple different streams",
            "homepage": "https://cakephp.org",
            "keywords": [
                "Streams",
                "cakephp",
                "log",
                "logging"
            ],
            "support": {
                "forum": "https://stackoverflow.com/tags/cakephp",
                "irc": "irc://irc.freenode.org/cakephp",
                "issues": "https://github.com/cakephp/cakephp/issues",
                "source": "https://github.com/cakephp/log"
            },
            "time": "2020-12-29T02:05:46+00:00"
        },
        {
            "name": "cakephp/utility",
            "version": "4.2.2",
            "source": {
                "type": "git",
                "url": "https://github.com/cakephp/utility.git",
                "reference": "37d737eef64f3f09af871b70730a99912248d157"
            },
            "dist": {
                "type": "zip",
                "url": "https://api.github.com/repos/cakephp/utility/zipball/37d737eef64f3f09af871b70730a99912248d157",
                "reference": "37d737eef64f3f09af871b70730a99912248d157",
                "shasum": ""
            },
            "require": {
                "cakephp/core": "^4.0",
                "php": ">=7.2.0"
            },
            "suggest": {
                "ext-intl": "To use Text::transliterate() or Text::slug()",
                "lib-ICU": "To use Text::transliterate() or Text::slug()"
            },
            "type": "library",
            "autoload": {
                "psr-4": {
                    "Cake\\Utility\\": "."
                },
                "files": [
                    "bootstrap.php"
                ]
            },
            "notification-url": "https://packagist.org/downloads/",
            "license": [
                "MIT"
            ],
            "authors": [
                {
                    "name": "CakePHP Community",
                    "homepage": "https://github.com/cakephp/utility/graphs/contributors"
                }
            ],
            "description": "CakePHP Utility classes such as Inflector, String, Hash, and Security",
            "homepage": "https://cakephp.org",
            "keywords": [
                "cakephp",
                "hash",
                "inflector",
                "security",
                "string",
                "utility"
            ],
            "support": {
                "forum": "https://stackoverflow.com/tags/cakephp",
                "irc": "irc://irc.freenode.org/cakephp",
                "issues": "https://github.com/cakephp/cakephp/issues",
                "source": "https://github.com/cakephp/utility"
            },
            "time": "2020-12-29T02:05:46+00:00"
        },
        {
            "name": "psr/log",
            "version": "1.1.3",
            "source": {
                "type": "git",
                "url": "https://github.com/php-fig/log.git",
                "reference": "0f73288fd15629204f9d42b7055f72dacbe811fc"
            },
            "dist": {
                "type": "zip",
                "url": "https://api.github.com/repos/php-fig/log/zipball/0f73288fd15629204f9d42b7055f72dacbe811fc",
                "reference": "0f73288fd15629204f9d42b7055f72dacbe811fc",
                "shasum": ""
            },
            "require": {
                "php": ">=5.3.0"
            },
            "type": "library",
            "extra": {
                "branch-alias": {
                    "dev-master": "1.1.x-dev"
                }
            },
            "autoload": {
                "psr-4": {
                    "Psr\\Log\\": "Psr/Log/"
                }
            },
            "notification-url": "https://packagist.org/downloads/",
            "license": [
                "MIT"
            ],
            "authors": [
                {
                    "name": "PHP-FIG",
                    "homepage": "http://www.php-fig.org/"
                }
            ],
            "description": "Common interface for logging libraries",
            "homepage": "https://github.com/php-fig/log",
            "keywords": [
                "log",
                "psr",
                "psr-3"
            ],
            "support": {
                "source": "https://github.com/php-fig/log/tree/1.1.3"
            },
            "time": "2020-03-23T09:12:05+00:00"
        }
    ],
    "packages-dev": [
        {
            "name": "cakephp/cakephp-codesniffer",
            "version": "4.2.4",
            "source": {
                "type": "git",
                "url": "https://github.com/cakephp/cakephp-codesniffer.git",
                "reference": "c5bb1faeebf09cd4a3604bdb0c84f7bc92dc5475"
            },
            "dist": {
                "type": "zip",
                "url": "https://api.github.com/repos/cakephp/cakephp-codesniffer/zipball/c5bb1faeebf09cd4a3604bdb0c84f7bc92dc5475",
                "reference": "c5bb1faeebf09cd4a3604bdb0c84f7bc92dc5475",
                "shasum": ""
            },
            "require": {
                "php": ">=7.2.0",
                "slevomat/coding-standard": "^6.3.6",
                "squizlabs/php_codesniffer": "~3.5.5"
            },
            "require-dev": {
                "phpunit/phpunit": "^7.1"
            },
            "type": "phpcodesniffer-standard",
            "autoload": {
                "psr-4": {
                    "CakePHP\\": "CakePHP/"
                }
            },
            "notification-url": "https://packagist.org/downloads/",
            "license": [
                "MIT"
            ],
            "authors": [
                {
                    "name": "CakePHP Community",
                    "homepage": "https://github.com/cakephp/cakephp-codesniffer/graphs/contributors"
                }
            ],
            "description": "CakePHP CodeSniffer Standards",
            "homepage": "https://cakephp.org",
            "keywords": [
                "codesniffer",
                "framework"
            ],
            "support": {
                "forum": "https://stackoverflow.com/tags/cakephp",
                "irc": "irc://irc.freenode.org/cakephp",
                "issues": "https://github.com/cakephp/cakephp-codesniffer/issues",
                "source": "https://github.com/cakephp/cakephp-codesniffer"
            },
            "time": "2020-12-03T20:39:38+00:00"
        },
        {
            "name": "dealerdirect/phpcodesniffer-composer-installer",
            "version": "v0.7.1",
            "source": {
                "type": "git",
                "url": "https://github.com/Dealerdirect/phpcodesniffer-composer-installer.git",
                "reference": "fe390591e0241955f22eb9ba327d137e501c771c"
            },
            "dist": {
                "type": "zip",
                "url": "https://api.github.com/repos/Dealerdirect/phpcodesniffer-composer-installer/zipball/fe390591e0241955f22eb9ba327d137e501c771c",
                "reference": "fe390591e0241955f22eb9ba327d137e501c771c",
                "shasum": ""
            },
            "require": {
                "composer-plugin-api": "^1.0 || ^2.0",
                "php": ">=5.3",
                "squizlabs/php_codesniffer": "^2.0 || ^3.0 || ^4.0"
            },
            "require-dev": {
                "composer/composer": "*",
                "phpcompatibility/php-compatibility": "^9.0",
                "sensiolabs/security-checker": "^4.1.0"
            },
            "type": "composer-plugin",
            "extra": {
                "class": "Dealerdirect\\Composer\\Plugin\\Installers\\PHPCodeSniffer\\Plugin"
            },
            "autoload": {
                "psr-4": {
                    "Dealerdirect\\Composer\\Plugin\\Installers\\PHPCodeSniffer\\": "src/"
                }
            },
            "notification-url": "https://packagist.org/downloads/",
            "license": [
                "MIT"
            ],
            "authors": [
                {
                    "name": "Franck Nijhof",
                    "email": "franck.nijhof@dealerdirect.com",
                    "homepage": "http://www.frenck.nl",
                    "role": "Developer / IT Manager"
                }
            ],
            "description": "PHP_CodeSniffer Standards Composer Installer Plugin",
            "homepage": "http://www.dealerdirect.com",
            "keywords": [
                "PHPCodeSniffer",
                "PHP_CodeSniffer",
                "code quality",
                "codesniffer",
                "composer",
                "installer",
                "phpcs",
                "plugin",
                "qa",
                "quality",
                "standard",
                "standards",
                "style guide",
                "stylecheck",
                "tests"
            ],
            "support": {
                "issues": "https://github.com/dealerdirect/phpcodesniffer-composer-installer/issues",
                "source": "https://github.com/dealerdirect/phpcodesniffer-composer-installer"
            },
            "time": "2020-12-07T18:04:37+00:00"
        },
        {
            "name": "jetbrains/phpstorm-stubs",
            "version": "v2020.2",
            "source": {
                "type": "git",
                "url": "https://github.com/JetBrains/phpstorm-stubs.git",
                "reference": "55746ac77eecd0cd757b52151b9df9002da554af"
            },
            "dist": {
                "type": "zip",
                "url": "https://api.github.com/repos/JetBrains/phpstorm-stubs/zipball/55746ac77eecd0cd757b52151b9df9002da554af",
                "reference": "55746ac77eecd0cd757b52151b9df9002da554af",
                "shasum": ""
            },
            "require-dev": {
                "friendsofphp/php-cs-fixer": "^2.16",
                "nikic/php-parser": "^4",
                "php": "^7.4",
                "phpdocumentor/reflection-docblock": "dev-master",
                "phpunit/phpunit": "^9"
            },
            "type": "library",
            "autoload": {
                "files": [
                    "PhpStormStubsMap.php"
                ]
            },
            "notification-url": "https://packagist.org/downloads/",
            "license": [
                "Apache-2.0"
            ],
            "description": "PHP runtime & extensions header files for PhpStorm",
            "homepage": "https://www.jetbrains.com/phpstorm",
            "keywords": [
                "autocomplete",
                "code",
                "inference",
                "inspection",
                "jetbrains",
                "phpstorm",
                "stubs",
                "type"
            ],
            "support": {
                "source": "https://github.com/JetBrains/phpstorm-stubs/tree/v2020.2"
            },
            "time": "2020-09-16T15:54:07+00:00"
        },
        {
            "name": "phpstan/phpdoc-parser",
            "version": "0.4.9",
            "source": {
                "type": "git",
                "url": "https://github.com/phpstan/phpdoc-parser.git",
                "reference": "98a088b17966bdf6ee25c8a4b634df313d8aa531"
            },
            "dist": {
                "type": "zip",
                "url": "https://api.github.com/repos/phpstan/phpdoc-parser/zipball/98a088b17966bdf6ee25c8a4b634df313d8aa531",
                "reference": "98a088b17966bdf6ee25c8a4b634df313d8aa531",
                "shasum": ""
            },
            "require": {
                "php": "^7.1 || ^8.0"
            },
            "require-dev": {
                "consistence/coding-standard": "^3.5",
                "ergebnis/composer-normalize": "^2.0.2",
                "jakub-onderka/php-parallel-lint": "^0.9.2",
                "phing/phing": "^2.16.0",
                "phpstan/extension-installer": "^1.0",
                "phpstan/phpstan": "^0.12.26",
                "phpstan/phpstan-strict-rules": "^0.12",
                "phpunit/phpunit": "^6.3",
                "slevomat/coding-standard": "^4.7.2",
                "symfony/process": "^4.0"
            },
            "type": "library",
            "extra": {
                "branch-alias": {
                    "dev-master": "0.4-dev"
                }
            },
            "autoload": {
                "psr-4": {
                    "PHPStan\\PhpDocParser\\": [
                        "src/"
                    ]
                }
            },
            "notification-url": "https://packagist.org/downloads/",
            "license": [
                "MIT"
            ],
            "description": "PHPDoc parser with support for nullable, intersection and generic types",
            "support": {
                "issues": "https://github.com/phpstan/phpdoc-parser/issues",
                "source": "https://github.com/phpstan/phpdoc-parser/tree/master"
            },
            "time": "2020-08-03T20:32:43+00:00"
        },
        {
            "name": "slevomat/coding-standard",
            "version": "6.4.1",
            "source": {
                "type": "git",
                "url": "https://github.com/slevomat/coding-standard.git",
                "reference": "696dcca217d0c9da2c40d02731526c1e25b65346"
            },
            "dist": {
                "type": "zip",
                "url": "https://api.github.com/repos/slevomat/coding-standard/zipball/696dcca217d0c9da2c40d02731526c1e25b65346",
                "reference": "696dcca217d0c9da2c40d02731526c1e25b65346",
                "shasum": ""
            },
            "require": {
                "dealerdirect/phpcodesniffer-composer-installer": "^0.6.2 || ^0.7",
                "php": "^7.1 || ^8.0",
                "phpstan/phpdoc-parser": "0.4.5 - 0.4.9",
                "squizlabs/php_codesniffer": "^3.5.6"
            },
            "require-dev": {
                "phing/phing": "2.16.3",
                "php-parallel-lint/php-parallel-lint": "1.2.0",
                "phpstan/phpstan": "0.12.48",
                "phpstan/phpstan-deprecation-rules": "0.12.5",
                "phpstan/phpstan-phpunit": "0.12.16",
                "phpstan/phpstan-strict-rules": "0.12.5",
                "phpunit/phpunit": "7.5.20|8.5.5|9.4.0"
            },
            "type": "phpcodesniffer-standard",
            "extra": {
                "branch-alias": {
                    "dev-master": "6.x-dev"
                }
            },
            "autoload": {
                "psr-4": {
                    "SlevomatCodingStandard\\": "SlevomatCodingStandard"
                }
            },
            "notification-url": "https://packagist.org/downloads/",
            "license": [
                "MIT"
            ],
            "description": "Slevomat Coding Standard for PHP_CodeSniffer complements Consistence Coding Standard by providing sniffs with additional checks.",
            "support": {
                "issues": "https://github.com/slevomat/coding-standard/issues",
                "source": "https://github.com/slevomat/coding-standard/tree/6.4.1"
            },
            "funding": [
                {
                    "url": "https://github.com/kukulich",
                    "type": "github"
                },
                {
                    "url": "https://tidelift.com/funding/github/packagist/slevomat/coding-standard",
                    "type": "tidelift"
                }
            ],
            "time": "2020-10-05T12:39:37+00:00"
        },
        {
            "name": "squizlabs/php_codesniffer",
            "version": "3.5.8",
            "source": {
                "type": "git",
                "url": "https://github.com/squizlabs/PHP_CodeSniffer.git",
                "reference": "9d583721a7157ee997f235f327de038e7ea6dac4"
            },
            "dist": {
                "type": "zip",
                "url": "https://api.github.com/repos/squizlabs/PHP_CodeSniffer/zipball/9d583721a7157ee997f235f327de038e7ea6dac4",
                "reference": "9d583721a7157ee997f235f327de038e7ea6dac4",
                "shasum": ""
            },
            "require": {
                "ext-simplexml": "*",
                "ext-tokenizer": "*",
                "ext-xmlwriter": "*",
                "php": ">=5.4.0"
            },
            "require-dev": {
                "phpunit/phpunit": "^4.0 || ^5.0 || ^6.0 || ^7.0"
            },
            "bin": [
                "bin/phpcs",
                "bin/phpcbf"
            ],
            "type": "library",
            "extra": {
                "branch-alias": {
                    "dev-master": "3.x-dev"
                }
            },
            "notification-url": "https://packagist.org/downloads/",
            "license": [
                "BSD-3-Clause"
            ],
            "authors": [
                {
                    "name": "Greg Sherwood",
                    "role": "lead"
                }
            ],
            "description": "PHP_CodeSniffer tokenizes PHP, JavaScript and CSS files and detects violations of a defined set of coding standards.",
            "homepage": "https://github.com/squizlabs/PHP_CodeSniffer",
            "keywords": [
                "phpcs",
                "standards"
            ],
            "support": {
                "issues": "https://github.com/squizlabs/PHP_CodeSniffer/issues",
                "source": "https://github.com/squizlabs/PHP_CodeSniffer",
                "wiki": "https://github.com/squizlabs/PHP_CodeSniffer/wiki"
            },
            "time": "2020-10-23T02:01:07+00:00"
        }
    ],
    "aliases": [],
    "minimum-stability": "stable",
    "stability-flags": [],
    "prefer-stable": true,
    "prefer-lowest": false,
    "platform": [],
    "platform-dev": [],
    "plugin-api-version": "2.0.0"
}
