{
    "_readme": [
        "This file locks the dependencies of your project to a known state",
        "Read more about it at https://getcomposer.org/doc/01-basic-usage.md#installing-dependencies",
        "This file is @generated automatically"
    ],
    "content-hash": "a7d6ba3ac06cff77c89811718992abe6",
    "packages": [
        {
            "name": "cakephp/console",
            "version": "4.2.1",
            "source": {
                "type": "git",
                "url": "https://github.com/cakephp/console.git",
                "reference": "41e85bb5b9c40e8d4d3551c2d09ea6ab490e571a"
            },
            "dist": {
                "type": "zip",
                "url": "https://api.github.com/repos/cakephp/console/zipball/41e85bb5b9c40e8d4d3551c2d09ea6ab490e571a",
                "reference": "41e85bb5b9c40e8d4d3551c2d09ea6ab490e571a",
                "shasum": ""
            },
            "require": {
                "cakephp/core": "^4.0",
                "cakephp/event": "^4.0",
                "cakephp/filesystem": "^4.0",
                "cakephp/log": "^4.0",
                "cakephp/utility": "^4.0",
                "php": ">=7.2.0"
            },
            "suggest": {
                "cakephp/datasource": "To use the Shell or Command base classes",
                "cakephp/orm": "To use the Shell or Command base classes"
            },
            "type": "library",
            "autoload": {
                "psr-4": {
                    "Cake\\Console\\": "."
                }
            },
            "notification-url": "https://packagist.org/downloads/",
            "license": [
                "MIT"
            ],
            "authors": [
                {
                    "name": "CakePHP Community",
                    "homepage": "https://github.com/cakephp/cache/graphs/contributors"
                }
            ],
            "description": "Build beautiful console applications with CakePHP",
            "homepage": "https://cakephp.org",
            "keywords": [
                "cakephp",
                "cli",
                "console",
                "framework"
            ],
            "support": {
                "forum": "https://stackoverflow.com/tags/cakephp",
                "irc": "irc://irc.freenode.org/cakephp",
                "issues": "https://github.com/cakephp/cakephp/issues",
                "source": "https://github.com/cakephp/console"
            },
            "time": "2020-12-04T14:13:14+00:00"
        },
        {
            "name": "cakephp/core",
            "version": "4.2.1",
            "source": {
                "type": "git",
                "url": "https://github.com/cakephp/core.git",
                "reference": "635a924ff9ddc2e2f81e9073643c59e7ed6f7f55"
            },
            "dist": {
                "type": "zip",
                "url": "https://api.github.com/repos/cakephp/core/zipball/635a924ff9ddc2e2f81e9073643c59e7ed6f7f55",
                "reference": "635a924ff9ddc2e2f81e9073643c59e7ed6f7f55",
                "shasum": ""
            },
            "require": {
                "cakephp/utility": "^4.0",
                "php": ">=7.2.0"
            },
            "suggest": {
                "cakephp/cache": "To use Configure::store() and restore().",
                "cakephp/event": "To use PluginApplicationInterface or plugin applications.",
                "league/container": "To use Container and ServiceProvider classes"
            },
            "type": "library",
            "autoload": {
                "psr-4": {
                    "Cake\\Core\\": "."
                },
                "files": [
                    "functions.php"
                ]
            },
            "notification-url": "https://packagist.org/downloads/",
            "license": [
                "MIT"
            ],
            "authors": [
                {
                    "name": "CakePHP Community",
                    "homepage": "https://github.com/cakephp/core/graphs/contributors"
                }
            ],
            "description": "CakePHP Framework Core classes",
            "homepage": "https://cakephp.org",
            "keywords": [
                "cakephp",
                "core",
                "framework"
            ],
            "support": {
                "forum": "https://stackoverflow.com/tags/cakephp",
                "irc": "irc://irc.freenode.org/cakephp",
                "issues": "https://github.com/cakephp/cakephp/issues",
                "source": "https://github.com/cakephp/core"
            },
            "time": "2020-12-03T14:30:58+00:00"
        },
        {
            "name": "cakephp/event",
            "version": "4.2.1",
            "source": {
                "type": "git",
                "url": "https://github.com/cakephp/event.git",
                "reference": "5714f8aafd985f56ea39e244933d9e6ccfbf8db8"
            },
            "dist": {
                "type": "zip",
                "url": "https://api.github.com/repos/cakephp/event/zipball/5714f8aafd985f56ea39e244933d9e6ccfbf8db8",
                "reference": "5714f8aafd985f56ea39e244933d9e6ccfbf8db8",
                "shasum": ""
            },
            "require": {
                "cakephp/core": "^4.0",
                "php": ">=7.2.0"
            },
            "type": "library",
            "autoload": {
                "psr-4": {
                    "Cake\\Event\\": "."
                }
            },
            "notification-url": "https://packagist.org/downloads/",
            "license": [
                "MIT"
            ],
            "authors": [
                {
                    "name": "CakePHP Community",
                    "homepage": "https://github.com/cakephp/event/graphs/contributors"
                }
            ],
            "description": "CakePHP event dispatcher library that helps implementing the observer pattern",
            "homepage": "https://cakephp.org",
            "keywords": [
                "cakephp",
                "dispatcher",
                "event",
                "observer pattern"
            ],
            "support": {
                "forum": "https://stackoverflow.com/tags/cakephp",
                "irc": "irc://irc.freenode.org/cakephp",
                "issues": "https://github.com/cakephp/cakephp/issues",
                "source": "https://github.com/cakephp/event"
            },
            "time": "2020-12-04T14:13:14+00:00"
        },
        {
            "name": "cakephp/filesystem",
            "version": "4.2.1",
            "source": {
                "type": "git",
                "url": "https://github.com/cakephp/filesystem.git",
                "reference": "d82e79ffc529b1c9f8ad4e36fad5a7cdc2d47a32"
            },
            "dist": {
                "type": "zip",
                "url": "https://api.github.com/repos/cakephp/filesystem/zipball/d82e79ffc529b1c9f8ad4e36fad5a7cdc2d47a32",
                "reference": "d82e79ffc529b1c9f8ad4e36fad5a7cdc2d47a32",
                "shasum": ""
            },
            "require": {
                "cakephp/core": "^4.0",
                "php": ">=7.2.0"
            },
            "type": "library",
            "autoload": {
                "psr-4": {
                    "Cake\\Filesystem\\": "."
                }
            },
            "notification-url": "https://packagist.org/downloads/",
            "license": [
                "MIT"
            ],
            "authors": [
                {
                    "name": "CakePHP Community",
                    "homepage": "https://github.com/cakephp/filesystem/graphs/contributors"
                }
            ],
            "description": "CakePHP filesystem convenience classes to help you work with files and folders.",
            "homepage": "https://cakephp.org",
            "keywords": [
                "cakephp",
                "files",
                "filesystem",
                "folders"
            ],
            "support": {
                "forum": "https://stackoverflow.com/tags/cakephp",
                "irc": "irc://irc.freenode.org/cakephp",
                "issues": "https://github.com/cakephp/cakephp/issues",
                "source": "https://github.com/cakephp/filesystem"
            },
            "time": "2020-11-01T16:20:36+00:00"
        },
        {
            "name": "cakephp/log",
            "version": "4.2.1",
            "source": {
                "type": "git",
                "url": "https://github.com/cakephp/log.git",
                "reference": "9acb8fdbee9f5f57366205107cb9143c2c09ee2f"
            },
            "dist": {
                "type": "zip",
                "url": "https://api.github.com/repos/cakephp/log/zipball/9acb8fdbee9f5f57366205107cb9143c2c09ee2f",
                "reference": "9acb8fdbee9f5f57366205107cb9143c2c09ee2f",
                "shasum": ""
            },
            "require": {
                "cakephp/core": "^4.0",
                "php": ">=7.2.0",
                "psr/log": "^1.0.0"
            },
            "provide": {
                "psr/log-implementation": "^1.0.0"
            },
            "type": "library",
            "autoload": {
                "psr-4": {
                    "Cake\\Log\\": "."
                }
            },
            "notification-url": "https://packagist.org/downloads/",
            "license": [
                "MIT"
            ],
            "authors": [
                {
                    "name": "CakePHP Community",
                    "homepage": "https://github.com/cakephp/log/graphs/contributors"
                }
            ],
            "description": "CakePHP logging library with support for multiple different streams",
            "homepage": "https://cakephp.org",
            "keywords": [
                "Streams",
                "cakephp",
                "log",
                "logging"
            ],
            "support": {
                "forum": "https://stackoverflow.com/tags/cakephp",
                "irc": "irc://irc.freenode.org/cakephp",
                "issues": "https://github.com/cakephp/cakephp/issues",
                "source": "https://github.com/cakephp/log"
            },
            "time": "2020-10-21T03:27:18+00:00"
        },
        {
            "name": "cakephp/utility",
            "version": "4.2.1",
            "source": {
                "type": "git",
                "url": "https://github.com/cakephp/utility.git",
                "reference": "d8e667953f13f399fea08a7e204b9e0f022d5d3c"
            },
            "dist": {
                "type": "zip",
                "url": "https://api.github.com/repos/cakephp/utility/zipball/d8e667953f13f399fea08a7e204b9e0f022d5d3c",
                "reference": "d8e667953f13f399fea08a7e204b9e0f022d5d3c",
                "shasum": ""
            },
            "require": {
                "cakephp/core": "^4.0",
                "php": ">=7.2.0"
            },
            "suggest": {
                "ext-intl": "To use Text::transliterate() or Text::slug()",
                "lib-ICU": "To use Text::transliterate() or Text::slug()"
            },
            "type": "library",
            "autoload": {
                "psr-4": {
                    "Cake\\Utility\\": "."
                },
                "files": [
                    "bootstrap.php"
                ]
            },
            "notification-url": "https://packagist.org/downloads/",
            "license": [
                "MIT"
            ],
            "authors": [
                {
                    "name": "CakePHP Community",
                    "homepage": "https://github.com/cakephp/utility/graphs/contributors"
                }
            ],
            "description": "CakePHP Utility classes such as Inflector, String, Hash, and Security",
            "homepage": "https://cakephp.org",
            "keywords": [
                "cakephp",
                "hash",
                "inflector",
                "security",
                "string",
                "utility"
            ],
            "support": {
                "forum": "https://stackoverflow.com/tags/cakephp",
                "irc": "irc://irc.freenode.org/cakephp",
                "issues": "https://github.com/cakephp/cakephp/issues",
                "source": "https://github.com/cakephp/utility"
            },
            "time": "2020-12-04T14:13:14+00:00"
        },
        {
            "name": "psr/log",
            "version": "1.1.3",
            "source": {
                "type": "git",
                "url": "https://github.com/php-fig/log.git",
                "reference": "0f73288fd15629204f9d42b7055f72dacbe811fc"
            },
            "dist": {
                "type": "zip",
                "url": "https://api.github.com/repos/php-fig/log/zipball/0f73288fd15629204f9d42b7055f72dacbe811fc",
                "reference": "0f73288fd15629204f9d42b7055f72dacbe811fc",
                "shasum": ""
            },
            "require": {
                "php": ">=5.3.0"
            },
            "type": "library",
            "extra": {
                "branch-alias": {
                    "dev-master": "1.1.x-dev"
                }
            },
            "autoload": {
                "psr-4": {
                    "Psr\\Log\\": "Psr/Log/"
                }
            },
            "notification-url": "https://packagist.org/downloads/",
            "license": [
                "MIT"
            ],
            "authors": [
                {
                    "name": "PHP-FIG",
                    "homepage": "http://www.php-fig.org/"
                }
            ],
            "description": "Common interface for logging libraries",
            "homepage": "https://github.com/php-fig/log",
            "keywords": [
                "log",
                "psr",
                "psr-3"
            ],
            "support": {
                "source": "https://github.com/php-fig/log/tree/1.1.3"
            },
            "time": "2020-03-23T09:12:05+00:00"
        }
    ],
    "packages-dev": [
        {
            "name": "jetbrains/phpstorm-stubs",
            "version": "v2020.2",
            "source": {
                "type": "git",
                "url": "https://github.com/JetBrains/phpstorm-stubs.git",
                "reference": "55746ac77eecd0cd757b52151b9df9002da554af"
            },
            "dist": {
                "type": "zip",
                "url": "https://api.github.com/repos/JetBrains/phpstorm-stubs/zipball/55746ac77eecd0cd757b52151b9df9002da554af",
                "reference": "55746ac77eecd0cd757b52151b9df9002da554af",
                "shasum": ""
            },
            "require-dev": {
                "friendsofphp/php-cs-fixer": "^2.16",
                "nikic/php-parser": "^4",
                "php": "^7.4",
                "phpdocumentor/reflection-docblock": "dev-master",
                "phpunit/phpunit": "^9"
            },
            "type": "library",
            "autoload": {
                "files": [
                    "PhpStormStubsMap.php"
                ]
            },
            "notification-url": "https://packagist.org/downloads/",
            "license": [
                "Apache-2.0"
            ],
            "description": "PHP runtime & extensions header files for PhpStorm",
            "homepage": "https://www.jetbrains.com/phpstorm",
            "keywords": [
                "autocomplete",
                "code",
                "inference",
                "inspection",
                "jetbrains",
                "phpstorm",
                "stubs",
                "type"
            ],
            "support": {
                "source": "https://github.com/JetBrains/phpstorm-stubs/tree/v2020.2"
            },
            "time": "2020-09-16T15:54:07+00:00"
        }
    ],
    "aliases": [],
    "minimum-stability": "stable",
    "stability-flags": [],
    "prefer-stable": true,
    "prefer-lowest": false,
    "platform": [],
    "platform-dev": [],
    "plugin-api-version": "2.0.0"
}
